// !$*UTF8*$!
{
	archiveVersion = 1;
	classes = {
	};
	objectVersion = 46;
	objects = {

/* Begin PBXBuildFile section */
		72CAE1D61CBCF4C4003DB9F5 /* AppDelegate.swift in Sources */ = {isa = PBXBuildFile; fileRef = 72CAE1D51CBCF4C4003DB9F5 /* AppDelegate.swift */; };
		72CAE1D81CBCF4C4003DB9F5 /* ViewController.swift in Sources */ = {isa = PBXBuildFile; fileRef = 72CAE1D71CBCF4C4003DB9F5 /* ViewController.swift */; };
		72CAE1DB1CBCF4C4003DB9F5 /* Main.storyboard in Resources */ = {isa = PBXBuildFile; fileRef = 72CAE1D91CBCF4C4003DB9F5 /* Main.storyboard */; };
		72CAE1DD1CBCF4C4003DB9F5 /* Assets.xcassets in Resources */ = {isa = PBXBuildFile; fileRef = 72CAE1DC1CBCF4C4003DB9F5 /* Assets.xcassets */; };
		72CAE1E01CBCF4C4003DB9F5 /* LaunchScreen.storyboard in Resources */ = {isa = PBXBuildFile; fileRef = 72CAE1DE1CBCF4C4003DB9F5 /* LaunchScreen.storyboard */; };
		72CAE1EB1CBCF4C4003DB9F5 /* bobingTests.swift in Sources */ = {isa = PBXBuildFile; fileRef = 72CAE1EA1CBCF4C4003DB9F5 /* bobingTests.swift */; };
		72CAE1F61CBCF4C4003DB9F5 /* bobingUITests.swift in Sources */ = {isa = PBXBuildFile; fileRef = 72CAE1F51CBCF4C4003DB9F5 /* bobingUITests.swift */; };
		72CAE2051CBCF629003DB9F5 /* WebProject in Resources */ = {isa = PBXBuildFile; fileRef = 72CAE2041CBCF628003DB9F5 /* WebProject */; };
/* End PBXBuildFile section */

/* Begin PBXContainerItemProxy section */
		72CAE1E71CBCF4C4003DB9F5 /* PBXContainerItemProxy */ = {
			isa = PBXContainerItemProxy;
			containerPortal = 72CAE1CA1CBCF4C4003DB9F5 /* Project object */;
			proxyType = 1;
			remoteGlobalIDString = 72CAE1D11CBCF4C4003DB9F5;
			remoteInfo = bobing;
		};
		72CAE1F21CBCF4C4003DB9F5 /* PBXContainerItemProxy */ = {
			isa = PBXContainerItemProxy;
			containerPortal = 72CAE1CA1CBCF4C4003DB9F5 /* Project object */;
			proxyType = 1;
			remoteGlobalIDString = 72CAE1D11CBCF4C4003DB9F5;
			remoteInfo = bobing;
		};
/* End PBXContainerItemProxy section */

/* Begin PBXFileReference section */
		72CAE1D21CBCF4C4003DB9F5 /* bobing.app */ = {isa = PBXFileReference; explicitFileType = wrapper.application; includeInIndex = 0; path = bobing.app; sourceTree = BUILT_PRODUCTS_DIR; };
		72CAE1D51CBCF4C4003DB9F5 /* AppDelegate.swift */ = {isa = PBXFileReference; lastKnownFileType = sourcecode.swift; path = AppDelegate.swift; sourceTree = "<group>"; };
		72CAE1D71CBCF4C4003DB9F5 /* ViewController.swift */ = {isa = PBXFileReference; lastKnownFileType = sourcecode.swift; path = ViewController.swift; sourceTree = "<group>"; };
		72CAE1DA1CBCF4C4003DB9F5 /* Base */ = {isa = PBXFileReference; lastKnownFileType = file.storyboard; name = Base; path = Base.lproj/Main.storyboard; sourceTree = "<group>"; };
		72CAE1DC1CBCF4C4003DB9F5 /* Assets.xcassets */ = {isa = PBXFileReference; lastKnownFileType = folder.assetcatalog; path = Assets.xcassets; sourceTree = "<group>"; };
		72CAE1DF1CBCF4C4003DB9F5 /* Base */ = {isa = PBXFileReference; lastKnownFileType = file.storyboard; name = Base; path = Base.lproj/LaunchScreen.storyboard; sourceTree = "<group>"; };
		72CAE1E11CBCF4C4003DB9F5 /* Info.plist */ = {isa = PBXFileReference; lastKnownFileType = text.plist.xml; path = Info.plist; sourceTree = "<group>"; };
		72CAE1E61CBCF4C4003DB9F5 /* bobingTests.xctest */ = {isa = PBXFileReference; explicitFileType = wrapper.cfbundle; includeInIndex = 0; path = bobingTests.xctest; sourceTree = BUILT_PRODUCTS_DIR; };
		72CAE1EA1CBCF4C4003DB9F5 /* bobingTests.swift */ = {isa = PBXFileReference; lastKnownFileType = sourcecode.swift; path = bobingTests.swift; sourceTree = "<group>"; };
		72CAE1EC1CBCF4C4003DB9F5 /* Info.plist */ = {isa = PBXFileReference; lastKnownFileType = text.plist.xml; path = Info.plist; sourceTree = "<group>"; };
		72CAE1F11CBCF4C4003DB9F5 /* bobingUITests.xctest */ = {isa = PBXFileReference; explicitFileType = wrapper.cfbundle; includeInIndex = 0; path = bobingUITests.xctest; sourceTree = BUILT_PRODUCTS_DIR; };
		72CAE1F51CBCF4C4003DB9F5 /* bobingUITests.swift */ = {isa = PBXFileReference; lastKnownFileType = sourcecode.swift; path = bobingUITests.swift; sourceTree = "<group>"; };
		72CAE1F71CBCF4C4003DB9F5 /* Info.plist */ = {isa = PBXFileReference; lastKnownFileType = text.plist.xml; path = Info.plist; sourceTree = "<group>"; };
		72CAE2041CBCF628003DB9F5 /* WebProject */ = {isa = PBXFileReference; lastKnownFileType = folder; name = WebProject; path = ../../WebProject; sourceTree = "<group>"; };
/* End PBXFileReference section */

/* Begin PBXFrameworksBuildPhase section */
		72CAE1CF1CBCF4C4003DB9F5 /* Frameworks */ = {
			isa = PBXFrameworksBuildPhase;
			buildActionMask = 2147483647;
			files = (
			);
			runOnlyForDeploymentPostprocessing = 0;
		};
		72CAE1E31CBCF4C4003DB9F5 /* Frameworks */ = {
			isa = PBXFrameworksBuildPhase;
			buildActionMask = 2147483647;
			files = (
			);
			runOnlyForDeploymentPostprocessing = 0;
		};
		72CAE1EE1CBCF4C4003DB9F5 /* Frameworks */ = {
			isa = PBXFrameworksBuildPhase;
			buildActionMask = 2147483647;
			files = (
			);
			runOnlyForDeploymentPostprocessing = 0;
		};
/* End PBXFrameworksBuildPhase section */

/* Begin PBXGroup section */
		72CAE1C91CBCF4C4003DB9F5 = {
			isa = PBXGroup;
			children = (
				72CAE2041CBCF628003DB9F5 /* WebProject */,
				72CAE1D41CBCF4C4003DB9F5 /* bobing */,
				72CAE1E91CBCF4C4003DB9F5 /* bobingTests */,
				72CAE1F41CBCF4C4003DB9F5 /* bobingUITests */,
				72CAE1D31CBCF4C4003DB9F5 /* Products */,
			);
			sourceTree = "<group>";
		};
		72CAE1D31CBCF4C4003DB9F5 /* Products */ = {
			isa = PBXGroup;
			children = (
				72CAE1D21CBCF4C4003DB9F5 /* bobing.app */,
				72CAE1E61CBCF4C4003DB9F5 /* bobingTests.xctest */,
				72CAE1F11CBCF4C4003DB9F5 /* bobingUITests.xctest */,
			);
			name = Products;
			sourceTree = "<group>";
		};
		72CAE1D41CBCF4C4003DB9F5 /* bobing */ = {
			isa = PBXGroup;
			children = (
				72CAE1D51CBCF4C4003DB9F5 /* AppDelegate.swift */,
				72CAE1D71CBCF4C4003DB9F5 /* ViewController.swift */,
				72CAE1D91CBCF4C4003DB9F5 /* Main.storyboard */,
				72CAE1DC1CBCF4C4003DB9F5 /* Assets.xcassets */,
				72CAE1DE1CBCF4C4003DB9F5 /* LaunchScreen.storyboard */,
				72CAE1E11CBCF4C4003DB9F5 /* Info.plist */,
			);
			path = bobing;
			sourceTree = "<group>";
		};
		72CAE1E91CBCF4C4003DB9F5 /* bobingTests */ = {
			isa = PBXGroup;
			children = (
				72CAE1EA1CBCF4C4003DB9F5 /* bobingTests.swift */,
				72CAE1EC1CBCF4C4003DB9F5 /* Info.plist */,
			);
			path = bobingTests;
			sourceTree = "<group>";
		};
		72CAE1F41CBCF4C4003DB9F5 /* bobingUITests */ = {
			isa = PBXGroup;
			children = (
				72CAE1F51CBCF4C4003DB9F5 /* bobingUITests.swift */,
				72CAE1F71CBCF4C4003DB9F5 /* Info.plist */,
			);
			path = bobingUITests;
			sourceTree = "<group>";
		};
/* End PBXGroup section */

/* Begin PBXNativeTarget section */
		72CAE1D11CBCF4C4003DB9F5 /* bobing */ = {
			isa = PBXNativeTarget;
			buildConfigurationList = 72CAE1FA1CBCF4C4003DB9F5 /* Build configuration list for PBXNativeTarget "bobing" */;
			buildPhases = (
				72CAE1CE1CBCF4C4003DB9F5 /* Sources */,
				72CAE1CF1CBCF4C4003DB9F5 /* Frameworks */,
				72CAE1D01CBCF4C4003DB9F5 /* Resources */,
			);
			buildRules = (
			);
			dependencies = (
			);
			name = bobing;
			productName = bobing;
			productReference = 72CAE1D21CBCF4C4003DB9F5 /* bobing.app */;
			productType = "com.apple.product-type.application";
		};
		72CAE1E51CBCF4C4003DB9F5 /* bobingTests */ = {
			isa = PBXNativeTarget;
			buildConfigurationList = 72CAE1FD1CBCF4C4003DB9F5 /* Build configuration list for PBXNativeTarget "bobingTests" */;
			buildPhases = (
				72CAE1E21CBCF4C4003DB9F5 /* Sources */,
				72CAE1E31CBCF4C4003DB9F5 /* Frameworks */,
				72CAE1E41CBCF4C4003DB9F5 /* Resources */,
			);
			buildRules = (
			);
			dependencies = (
				72CAE1E81CBCF4C4003DB9F5 /* PBXTargetDependency */,
			);
			name = bobingTests;
			productName = bobingTests;
			productReference = 72CAE1E61CBCF4C4003DB9F5 /* bobingTests.xctest */;
			productType = "com.apple.product-type.bundle.unit-test";
		};
		72CAE1F01CBCF4C4003DB9F5 /* bobingUITests */ = {
			isa = PBXNativeTarget;
			buildConfigurationList = 72CAE2001CBCF4C4003DB9F5 /* Build configuration list for PBXNativeTarget "bobingUITests" */;
			buildPhases = (
				72CAE1ED1CBCF4C4003DB9F5 /* Sources */,
				72CAE1EE1CBCF4C4003DB9F5 /* Frameworks */,
				72CAE1EF1CBCF4C4003DB9F5 /* Resources */,
			);
			buildRules = (
			);
			dependencies = (
				72CAE1F31CBCF4C4003DB9F5 /* PBXTargetDependency */,
			);
			name = bobingUITests;
			productName = bobingUITests;
			productReference = 72CAE1F11CBCF4C4003DB9F5 /* bobingUITests.xctest */;
			productType = "com.apple.product-type.bundle.ui-testing";
		};
/* End PBXNativeTarget section */

/* Begin PBXProject section */
		72CAE1CA1CBCF4C4003DB9F5 /* Project object */ = {
			isa = PBXProject;
			attributes = {
				LastSwiftUpdateCheck = 0730;
				LastUpgradeCheck = 0730;
				ORGANIZATIONNAME = happystream;
				TargetAttributes = {
					72CAE1D11CBCF4C4003DB9F5 = {
						CreatedOnToolsVersion = 7.3;
					};
					72CAE1E51CBCF4C4003DB9F5 = {
						CreatedOnToolsVersion = 7.3;
						TestTargetID = 72CAE1D11CBCF4C4003DB9F5;
					};
					72CAE1F01CBCF4C4003DB9F5 = {
						CreatedOnToolsVersion = 7.3;
						TestTargetID = 72CAE1D11CBCF4C4003DB9F5;
					};
				};
			};
			buildConfigurationList = 72CAE1CD1CBCF4C4003DB9F5 /* Build configuration list for PBXProject "bobing" */;
			compatibilityVersion = "Xcode 3.2";
			developmentRegion = English;
			hasScannedForEncodings = 0;
			knownRegions = (
				en,
				Base,
			);
			mainGroup = 72CAE1C91CBCF4C4003DB9F5;
			productRefGroup = 72CAE1D31CBCF4C4003DB9F5 /* Products */;
			projectDirPath = "";
			projectRoot = "";
			targets = (
				72CAE1D11CBCF4C4003DB9F5 /* bobing */,
				72CAE1E51CBCF4C4003DB9F5 /* bobingTests */,
				72CAE1F01CBCF4C4003DB9F5 /* bobingUITests */,
			);
		};
/* End PBXProject section */

/* Begin PBXResourcesBuildPhase section */
		72CAE1D01CBCF4C4003DB9F5 /* Resources */ = {
			isa = PBXResourcesBuildPhase;
			buildActionMask = 2147483647;
			files = (
				72CAE1E01CBCF4C4003DB9F5 /* LaunchScreen.storyboard in Resources */,
				72CAE1DD1CBCF4C4003DB9F5 /* Assets.xcassets in Resources */,
				72CAE1DB1CBCF4C4003DB9F5 /* Main.storyboard in Resources */,
				72CAE2051CBCF629003DB9F5 /* WebProject in Resources */,
			);
			runOnlyForDeploymentPostprocessing = 0;
		};
		72CAE1E41CBCF4C4003DB9F5 /* Resources */ = {
			isa = PBXResourcesBuildPhase;
			buildActionMask = 2147483647;
			files = (
			);
			runOnlyForDeploymentPostprocessing = 0;
		};
		72CAE1EF1CBCF4C4003DB9F5 /* Resources */ = {
			isa = PBXResourcesBuildPhase;
			buildActionMask = 2147483647;
			files = (
			);
			runOnlyForDeploymentPostprocessing = 0;
		};
/* End PBXResourcesBuildPhase section */

/* Begin PBXSourcesBuildPhase section */
		72CAE1CE1CBCF4C4003DB9F5 /* Sources */ = {
			isa = PBXSourcesBuildPhase;
			buildActionMask = 2147483647;
			files = (
				72CAE1D81CBCF4C4003DB9F5 /* ViewController.swift in Sources */,
				72CAE1D61CBCF4C4003DB9F5 /* AppDelegate.swift in Sources */,
			);
			runOnlyForDeploymentPostprocessing = 0;
		};
		72CAE1E21CBCF4C4003DB9F5 /* Sources */ = {
			isa = PBXSourcesBuildPhase;
			buildActionMask = 2147483647;
			files = (
				72CAE1EB1CBCF4C4003DB9F5 /* bobingTests.swift in Sources */,
			);
			runOnlyForDeploymentPostprocessing = 0;
		};
		72CAE1ED1CBCF4C4003DB9F5 /* Sources */ = {
			isa = PBXSourcesBuildPhase;
			buildActionMask = 2147483647;
			files = (
				72CAE1F61CBCF4C4003DB9F5 /* bobingUITests.swift in Sources */,
			);
			runOnlyForDeploymentPostprocessing = 0;
		};
/* End PBXSourcesBuildPhase section */

/* Begin PBXTargetDependency section */
		72CAE1E81CBCF4C4003DB9F5 /* PBXTargetDependency */ = {
			isa = PBXTargetDependency;
			target = 72CAE1D11CBCF4C4003DB9F5 /* bobing */;
			targetProxy = 72CAE1E71CBCF4C4003DB9F5 /* PBXContainerItemProxy */;
		};
		72CAE1F31CBCF4C4003DB9F5 /* PBXTargetDependency */ = {
			isa = PBXTargetDependency;
			target = 72CAE1D11CBCF4C4003DB9F5 /* bobing */;
			targetProxy = 72CAE1F21CBCF4C4003DB9F5 /* PBXContainerItemProxy */;
		};
/* End PBXTargetDependency section */

/* Begin PBXVariantGroup section */
		72CAE1D91CBCF4C4003DB9F5 /* Main.storyboard */ = {
			isa = PBXVariantGroup;
			children = (
				72CAE1DA1CBCF4C4003DB9F5 /* Base */,
			);
			name = Main.storyboard;
			sourceTree = "<group>";
		};
		72CAE1DE1CBCF4C4003DB9F5 /* LaunchScreen.storyboard */ = {
			isa = PBXVariantGroup;
			children = (
				72CAE1DF1CBCF4C4003DB9F5 /* Base */,
			);
			name = LaunchScreen.storyboard;
			sourceTree = "<group>";
		};
/* End PBXVariantGroup section */

/* Begin XCBuildConfiguration section */
		72CAE1F81CBCF4C4003DB9F5 /* Debug */ = {
			isa = XCBuildConfiguration;
			buildSettings = {
				ALWAYS_SEARCH_USER_PATHS = NO;
				CLANG_ANALYZER_NONNULL = YES;
				CLANG_CXX_LANGUAGE_STANDARD = "gnu++0x";
				CLANG_CXX_LIBRARY = "libc++";
				CLANG_ENABLE_MODULES = YES;
				CLANG_ENABLE_OBJC_ARC = YES;
				CLANG_WARN_BOOL_CONVERSION = YES;
				CLANG_WARN_CONSTANT_CONVERSION = YES;
				CLANG_WARN_DIRECT_OBJC_ISA_USAGE = YES_ERROR;
				CLANG_WARN_EMPTY_BODY = YES;
				CLANG_WARN_ENUM_CONVERSION = YES;
				CLANG_WARN_INT_CONVERSION = YES;
				CLANG_WARN_OBJC_ROOT_CLASS = YES_ERROR;
				CLANG_WARN_UNREACHABLE_CODE = YES;
				CLANG_WARN__DUPLICATE_METHOD_MATCH = YES;
				"CODE_SIGN_IDENTITY[sdk=iphoneos*]" = "iPhone Developer";
				COPY_PHASE_STRIP = NO;
				DEBUG_INFORMATION_FORMAT = dwarf;
				ENABLE_STRICT_OBJC_MSGSEND = YES;
				ENABLE_TESTABILITY = YES;
				GCC_C_LANGUAGE_STANDARD = gnu99;
				GCC_DYNAMIC_NO_PIC = NO;
				GCC_NO_COMMON_BLOCKS = YES;
				GCC_OPTIMIZATION_LEVEL = 0;
				GCC_PREPROCESSOR_DEFINITIONS = (
					"DEBUG=1",
					"$(inherited)",
				);
				GCC_WARN_64_TO_32_BIT_CONVERSION = YES;
				GCC_WARN_ABOUT_RETURN_TYPE = YES_ERROR;
				GCC_WARN_UNDECLARED_SELECTOR = YES;
				GCC_WARN_UNINITIALIZED_AUTOS = YES_AGGRESSIVE;
				GCC_WARN_UNUSED_FUNCTION = YES;
				GCC_WARN_UNUSED_VARIABLE = YES;
				IPHONEOS_DEPLOYMENT_TARGET = 9.3;
				MTL_ENABLE_DEBUG_INFO = YES;
				ONLY_ACTIVE_ARCH = YES;
				SDKROOT = iphoneos;
				SWIFT_OPTIMIZATION_LEVEL = "-Onone";
				TARGETED_DEVICE_FAMILY = "1,2";
			};
			name = Debug;
		};
		72CAE1F91CBCF4C4003DB9F5 /* Release */ = {
			isa = XCBuildConfiguration;
			buildSettings = {
				ALWAYS_SEARCH_USER_PATHS = NO;
				CLANG_ANALYZER_NONNULL = YES;
				CLANG_CXX_LANGUAGE_STANDARD = "gnu++0x";
				CLANG_CXX_LIBRARY = "libc++";
				CLANG_ENABLE_MODULES = YES;
				CLANG_ENABLE_OBJC_ARC = YES;
				CLANG_WARN_BOOL_CONVERSION = YES;
				CLANG_WARN_CONSTANT_CONVERSION = YES;
				CLANG_WARN_DIRECT_OBJC_ISA_USAGE = YES_ERROR;
				CLANG_WARN_EMPTY_BODY = YES;
				CLANG_WARN_ENUM_CONVERSION = YES;
				CLANG_WARN_INT_CONVERSION = YES;
				CLANG_WARN_OBJC_ROOT_CLASS = YES_ERROR;
				CLANG_WARN_UNREACHABLE_CODE = YES;
				CLANG_WARN__DUPLICATE_METHOD_MATCH = YES;
				"CODE_SIGN_IDENTITY[sdk=iphoneos*]" = "iPhone Developer";
				COPY_PHASE_STRIP = NO;
				DEBUG_INFORMATION_FORMAT = "dwarf-with-dsym";
				ENABLE_NS_ASSERTIONS = NO;
				ENABLE_STRICT_OBJC_MSGSEND = YES;
				GCC_C_LANGUAGE_STANDARD = gnu99;
				GCC_NO_COMMON_BLOCKS = YES;
				GCC_WARN_64_TO_32_BIT_CONVERSION = YES;
				GCC_WARN_ABOUT_RETURN_TYPE = YES_ERROR;
				GCC_WARN_UNDECLARED_SELECTOR = YES;
				GCC_WARN_UNINITIALIZED_AUTOS = YES_AGGRESSIVE;
				GCC_WARN_UNUSED_FUNCTION = YES;
				GCC_WARN_UNUSED_VARIABLE = YES;
				IPHONEOS_DEPLOYMENT_TARGET = 9.3;
				MTL_ENABLE_DEBUG_INFO = NO;
				SDKROOT = iphoneos;
				TARGETED_DEVICE_FAMILY = "1,2";
				VALIDATE_PRODUCT = YES;
			};
			name = Release;
		};
		72CAE1FB1CBCF4C4003DB9F5 /* Debug */ = {
			isa = XCBuildConfiguration;
			buildSettings = {
				ASSETCATALOG_COMPILER_APPICON_NAME = AppIcon;
				INFOPLIST_FILE = bobing/Info.plist;
				LD_RUNPATH_SEARCH_PATHS = "$(inherited) @executable_path/Frameworks";
				PRODUCT_BUNDLE_IDENTIFIER = site.happystream.www.bobing;
				PRODUCT_NAME = "$(TARGET_NAME)";
			};
			name = Debug;
		};
		72CAE1FC1CBCF4C4003DB9F5 /* Release */ = {
			isa = XCBuildConfiguration;
			buildSettings = {
				ASSETCATALOG_COMPILER_APPICON_NAME = AppIcon;
				INFOPLIST_FILE = bobing/Info.plist;
				LD_RUNPATH_SEARCH_PATHS = "$(inherited) @executable_path/Frameworks";
				PRODUCT_BUNDLE_IDENTIFIER = site.happystream.www.bobing;
				PRODUCT_NAME = "$(TARGET_NAME)";
			};
			name = Release;
		};
		72CAE1FE1CBCF4C4003DB9F5 /* Debug */ = {
			isa = XCBuildConfiguration;
			buildSettings = {
				BUNDLE_LOADER = "$(TEST_HOST)";
				INFOPLIST_FILE = bobingTests/Info.plist;
				LD_RUNPATH_SEARCH_PATHS = "$(inherited) @executable_path/Frameworks @loader_path/Frameworks";
				PRODUCT_BUNDLE_IDENTIFIER = site.happystream.www.bobingTests;
				PRODUCT_NAME = "$(TARGET_NAME)";
				TEST_HOST = "$(BUILT_PRODUCTS_DIR)/bobing.app/bobing";
			};
			name = Debug;
		};
		72CAE1FF1CBCF4C4003DB9F5 /* Release */ = {
			isa = XCBuildConfiguration;
			buildSettings = {
				BUNDLE_LOADER = "$(TEST_HOST)";
				INFOPLIST_FILE = bobingTests/Info.plist;
				LD_RUNPATH_SEARCH_PATHS = "$(inherited) @executable_path/Frameworks @loader_path/Frameworks";
				PRODUCT_BUNDLE_IDENTIFIER = site.happystream.www.bobingTests;
				PRODUCT_NAME = "$(TARGET_NAME)";
				TEST_HOST = "$(BUILT_PRODUCTS_DIR)/bobing.app/bobing";
			};
			name = Release;
		};
		72CAE2011CBCF4C4003DB9F5 /* Debug */ = {
			isa = XCBuildConfiguration;
			buildSettings = {
				INFOPLIST_FILE = bobingUITests/Info.plist;
				LD_RUNPATH_SEARCH_PATHS = "$(inherited) @executable_path/Frameworks @loader_path/Frameworks";
				PRODUCT_BUNDLE_IDENTIFIER = site.happystream.www.bobingUITests;
				PRODUCT_NAME = "$(TARGET_NAME)";
				TEST_TARGET_NAME = bobing;
			};
			name = Debug;
		};
		72CAE2021CBCF4C4003DB9F5 /* Release */ = {
			isa = XCBuildConfiguration;
			buildSettings = {
				INFOPLIST_FILE = bobingUITests/Info.plist;
				LD_RUNPATH_SEARCH_PATHS = "$(inherited) @executable_path/Frameworks @loader_path/Frameworks";
				PRODUCT_BUNDLE_IDENTIFIER = site.happystream.www.bobingUITests;
				PRODUCT_NAME = "$(TARGET_NAME)";
				TEST_TARGET_NAME = bobing;
			};
			name = Release;
		};
/* End XCBuildConfiguration section */

/* Begin XCConfigurationList section */
		72CAE1CD1CBCF4C4003DB9F5 /* Build configuration list for PBXProject "bobing" */ = {
			isa = XCConfigurationList;
			buildConfigurations = (
				72CAE1F81CBCF4C4003DB9F5 /* Debug */,
				72CAE1F91CBCF4C4003DB9F5 /* Release */,
			);
			defaultConfigurationIsVisible = 0;
			defaultConfigurationName = Release;
		};
		72CAE1FA1CBCF4C4003DB9F5 /* Build configuration list for PBXNativeTarget "bobing" */ = {
			isa = XCConfigurationList;
			buildConfigurations = (
				72CAE1FB1CBCF4C4003DB9F5 /* Debug */,
				72CAE1FC1CBCF4C4003DB9F5 /* Release */,
			);
			defaultConfigurationIsVisible = 0;
		};
		72CAE1FD1CBCF4C4003DB9F5 /* Build configuration list for PBXNativeTarget "bobingTests" */ = {
			isa = XCConfigurationList;
			buildConfigurations = (
				72CAE1FE1CBCF4C4003DB9F5 /* Debug */,
				72CAE1FF1CBCF4C4003DB9F5 /* Release */,
			);
			defaultConfigurationIsVisible = 0;
		};
		72CAE2001CBCF4C4003DB9F5 /* Build configuration list for PBXNativeTarget "bobingUITests" */ = {
			isa = XCConfigurationList;
			buildConfigurations = (
				72CAE2011CBCF4C4003DB9F5 /* Debug */,
				72CAE2021CBCF4C4003DB9F5 /* Release */,
			);
			defaultConfigurationIsVisible = 0;
		};
/* End XCConfigurationList section */
	};
	rootObject = 72CAE1CA1CBCF4C4003DB9F5 /* Project object */;
}
